
Microsoft Visual Studio Solution File, Format Version 12.00
# Visual Studio Version 16
VisualStudioVersion = 16.0.30517.126
MinimumVisualStudioVersion = 10.0.40219.1
Project("{9A19103F-16F7-4668-BE54-9A1E7A4F7556}") = "SkillsTracker", "SkillsController\SkillsTracker.csproj", "{C61DA15D-42ED-4420-9B0A-B0544B8E742E}"
EndProject
Global
	GlobalSection(SolutionConfigurationPlatforms) = preSolution
		Debug|Any CPU = Debug|Any CPU
		Release|Any CPU = Release|Any CPU
	EndGlobalSection
	GlobalSection(ProjectConfigurationPlatforms) = postSolution
		{C61DA15D-42ED-4420-9B0A-B0544B8E742E}.Debug|Any CPU.ActiveCfg = Debug|Any CPU
		{C61DA15D-42ED-4420-9B0A-B0544B8E742E}.Debug|Any CPU.Build.0 = Debug|Any CPU
		{C61DA15D-42ED-4420-9B0A-B0544B8E742E}.Release|Any CPU.ActiveCfg = Release|Any CPU
		{C61DA15D-42ED-4420-9B0A-B0544B8E742E}.Release|Any CPU.Build.0 = Release|Any CPU
	EndGlobalSection
	GlobalSection(SolutionProperties) = preSolution
		HideSolutionNode = FALSE
	EndGlobalSection
	GlobalSection(ExtensibilityGlobals) = postSolution
		SolutionGuid = {481CD77F-DB62-4618-A851-17BC30524297}
	EndGlobalSection
EndGlobal
